github.com/airgap-solution/go-pkg/mux v0.0.1 h1:Vn9v4V9VaMEGKlx2+q4eUC5o2yssX39Yr2LS/9sZSY4=
github.com/airgap-solution/go-pkg/mux v0.0.1/go.mod h1:YlvoilJZ8MlbY99pePu1u9ceI2HqlPVSf9ynmcgXREg=
github.com/airgap-solution/go-pkg/mux v0.0.2-0.20250908014402-58d148d2aa51 h1:ALAQcDPn755e0RqNc11K02v8UHlBc7LJWs5lMNzolkI=
github.com/airgap-solution/go-pkg/mux v0.0.2-0.20250908014402-58d148d2aa51/go.mod h1:YlvoilJZ8MlbY99pePu1u9ceI2HqlPVSf9ynmcgXREg=
github.com/airgap-solution/go-pkg/mux v0.0.2-0.20250908014502-93c254ae5d92 h1:3UFs2FwawlawFRgMfqDql6k8rX3dFceakkVvW/5487c=
github.com/airgap-solution/go-pkg/mux v0.0.2-0.20250908014502-93c254ae5d92/go.mod h1:YlvoilJZ8MlbY99pePu1u9ceI2HqlPVSf9ynmcgXREg=
github.com/airgap-solution/go-pkg/restutil v0.0.0-20250908010609-8d1b7dc24c4c h1:hFe2rElx2K9c9OJksQFguACbtIfCP0pMQlbY8EV0sC0=
github.com/airgap-solution/go-pkg/restutil v0.0.0-20250908010609-8d1b7dc24c4c/go.mod h1:I+7rZR7j9mgtEXf5sCtIjrHeGbg4bEr7f40C3zDKVmg=
github.com/airgap-solution/go-pkg/restutil v0.0.0-20250908014402-58d148d2aa51/go.mod h1:I+7rZR7j9mgtEXf5sCtIjrHeGbg4bEr7f40C3zDKVmg=
github.com/airgap-solution/go-pkg/restutil v0.0.0-20250908014502-93c254ae5d92/go.mod h1:I+7rZR7j9mgtEXf5sCtIjrHeGbg4bEr7f40C3zDKVmg=
github.com/gorilla/mux v1.8.1 h1:TuBL49tXwgrFYWhqrNgrUNEY92u81SPhu7sTdzQEiWY=
github.com/gorilla/mux v1.8.1/go.mod h1:AKf9I4AEqPTmMytcMc0KkNouC66V3BtZ4qD5fmWSiMQ=
github.com/restartfu/coinmarketcap v0.0.0-20250908003408-17f6162b5d14 h1:OFU8VxTXoAkAf5bdQmWoA9BoRVyauNFtspwCFiT1gIQ=
github.com/restartfu/coinmarketcap v0.0.0-20250908003408-17f6162b5d14/go.mod h1:PhiYtKjcl1omQgNcGsAuPMuLUXtvGqpxdFkY8DIt8O4=
